{
  "nodes": {
    "hardware": {
      "locked": {
        "lastModified": 1660407119,
        "narHash": "sha256-04lWO0pDbhAXFdL4v2VzzwgxrZ5IefKn+TmZPiPeKxg=",
        "owner": "nixos",
        "repo": "nixos-hardware",
        "rev": "12620020f76b1b5d2b0e6fbbda831ed4f5fe56e1",
        "type": "github"
      },
      "original": {
        "owner": "nixos",
        "repo": "nixos-hardware",
        "type": "github"
      }
    },
    "home-manager": {
      "inputs": {
        "nixpkgs": [
          "nixpkgs"
        ],
        "utils": "utils"
      },
      "locked": {
        "lastModified": 1660574517,
        "narHash": "sha256-Lp5D2pAPrM3iAc1eeR0iGwz5rM+SYOWzVxI3p17nlrU=",
        "owner": "nix-community",
        "repo": "home-manager",
        "rev": "688e5c85b7537f308b82167c8eb4ecfb70a49861",
        "type": "github"
      },
      "original": {
        "owner": "nix-community",
        "repo": "home-manager",
        "type": "github"
      }
    },
    "hyprland": {
      "inputs": {
        "nixpkgs": "nixpkgs",
        "wlroots": "wlroots"
      },
      "locked": {
        "lastModified": 1660939421,
        "narHash": "sha256-jQFILTU77fnJbLPpOn1ympz+2f3ISNCe7uD/Tb+HVjE=",
        "owner": "hyprwm",
        "repo": "Hyprland",
        "rev": "c2a3896cc9168a12f25a144dada6ecb94fb52b59",
        "type": "github"
      },
      "original": {
        "owner": "hyprwm",
        "repo": "Hyprland",
        "type": "github"
      }
    },
    "nixpkgs": {
      "locked": {
        "lastModified": 1659522808,
        "narHash": "sha256-HBcM19nGhI3IWwPNVlYb0MZ8VW6iKp4JbAVkeIHVykc=",
        "owner": "NixOS",
        "repo": "nixpkgs",
        "rev": "168d1c578909dc143ba52dbed661c36e76b12b36",
        "type": "github"
      },
      "original": {
        "owner": "NixOS",
        "ref": "nixos-unstable",
        "repo": "nixpkgs",
        "type": "github"
      }
    },
    "nixpkgs_2": {
      "locked": {
        "lastModified": 1660485612,
        "narHash": "sha256-sSLW1KaB1adKTJn9+Ja3h3AaS7QCZyhUKiSUStcLg80=",
        "owner": "nixos",
        "repo": "nixpkgs",
        "rev": "6512b21eabb4d52e87ea2edcf31a288e67b2e4f8",
        "type": "github"
      },
      "original": {
        "owner": "nixos",
        "ref": "nixos-unstable",
        "repo": "nixpkgs",
        "type": "github"
      }
    },
    "river": {
      "flake": false,
      "locked": {
        "lastModified": 1660650007,
        "narHash": "sha256-PkRoTFyPsKEvW4pFqRySJSvFGBMd0VFC22XDem8zzXo=",
        "ref": "refs/heads/master",
        "rev": "844ffce03738d003a149ad9f022005f897194b2e",
        "revCount": 878,
        "submodules": true,
        "type": "git",
        "url": "https://github.com/ifreund/river"
      },
      "original": {
        "submodules": true,
        "type": "git",
        "url": "https://github.com/ifreund/river"
      }
    },
    "root": {
      "inputs": {
        "hardware": "hardware",
        "home-manager": "home-manager",
        "hyprland": "hyprland",
        "nixpkgs": "nixpkgs_2",
        "river": "river",
        "stacktile": "stacktile",
        "waylock": "waylock",
        "wlopm": "wlopm"
      }
    },
    "stacktile": {
      "flake": false,
      "locked": {
        "lastModified": 1652208228,
        "narHash": "sha256-H6h+GsPLluu4evunk8f6YVVl9eJej/vCA2dDfmWZgHI=",
        "ref": "refs/heads/master",
        "rev": "0e5baf19920c5cc92bd0d00c37bf0a0192f9842d",
        "revCount": 42,
        "type": "git",
        "url": "https://git.sr.ht/~leon_plickat/stacktile"
      },
      "original": {
        "rev": "0e5baf19920c5cc92bd0d00c37bf0a0192f9842d",
        "type": "git",
        "url": "https://git.sr.ht/~leon_plickat/stacktile"
      }
    },
    "utils": {
      "locked": {
        "lastModified": 1653893745,
        "narHash": "sha256-0jntwV3Z8//YwuOjzhV2sgJJPt+HY6KhU7VZUL0fKZQ=",
        "owner": "numtide",
        "repo": "flake-utils",
        "rev": "1ed9fb1935d260de5fe1c2f7ee0ebaae17ed2fa1",
        "type": "github"
      },
      "original": {
        "owner": "numtide",
        "repo": "flake-utils",
        "type": "github"
      }
    },
    "waylock": {
      "flake": false,
      "locked": {
        "lastModified": 1653224218,
        "narHash": "sha256-a9ioDR4crd14fzpPAUzVl5o/i4HSndZ0YI3iuufSsPI=",
        "ref": "refs/heads/master",
        "rev": "d8d944558378071df1ffa3c93e887dd2293aaef2",
        "revCount": 151,
        "submodules": true,
        "type": "git",
        "url": "https://github.com/ifreund/waylock"
      },
      "original": {
        "rev": "d8d944558378071df1ffa3c93e887dd2293aaef2",
        "submodules": true,
        "type": "git",
        "url": "https://github.com/ifreund/waylock"
      }
    },
    "wlopm": {
      "flake": false,
      "locked": {
        "lastModified": 1659731096,
        "narHash": "sha256-BVgq0Ht4Otid+McnwwmzdY7flqcBPe5br5879nyPgAE=",
        "ref": "refs/heads/master",
        "rev": "38af45c79771da1ef52309d101e881aaef94a823",
        "revCount": 24,
        "type": "git",
        "url": "https://git.sr.ht/~leon_plickat/wlopm"
      },
      "original": {
        "type": "git",
        "url": "https://git.sr.ht/~leon_plickat/wlopm"
      }
    },
    "wlroots": {
      "flake": false,
      "locked": {
        "host": "gitlab.freedesktop.org",
        "lastModified": 1659738224,
        "narHash": "sha256-bV3TLiCgptpKoUKLiH/5RMtiIsfn0hawdaCEHQFB6WY=",
        "owner": "wlroots",
        "repo": "wlroots",
        "rev": "3baf2a6bcfc4cb86c364f5724aaec80f28715a01",
        "type": "gitlab"
      },
      "original": {
        "host": "gitlab.freedesktop.org",
        "owner": "wlroots",
        "repo": "wlroots",
        "type": "gitlab"
      }
    }
  },
  "root": "root",
  "version": 7
}
