{
  "nodes": {
    "hardware": {
      "locked": {
        "lastModified": 1663229557,
        "narHash": "sha256-1uU4nsDLXKG0AHc/VCsNBAEPkTA/07juYhcEWRb1O1E=",
        "owner": "nixos",
        "repo": "nixos-hardware",
        "rev": "a0df6cd6e199df4a78c833c273781ea92fa62cfb",
        "type": "github"
      },
      "original": {
        "owner": "nixos",
        "repo": "nixos-hardware",
        "type": "github"
      }
    },
    "home-manager": {
      "inputs": {
        "nixpkgs": [
          "nixpkgs"
        ],
        "utils": "utils"
      },
      "locked": {
        "lastModified": 1663932797,
        "narHash": "sha256-IH8ZBW99W2k7wKLS+Sat9HiKX1TPZjFTnsPizK5crok=",
        "owner": "nix-community",
        "repo": "home-manager",
        "rev": "de3758e31a3a1bc79d569f5deb5dac39791bf9b6",
        "type": "github"
      },
      "original": {
        "owner": "nix-community",
        "repo": "home-manager",
        "type": "github"
      }
    },
    "nixpkgs": {
      "locked": {
        "lastModified": 1663850217,
        "narHash": "sha256-tp9nXo1/IdN/xN9m06ryy0QUAEfoN6K56ObM/1QTAjc=",
        "owner": "nixos",
        "repo": "nixpkgs",
        "rev": "ae1dc133ea5f1538d035af41e5ddbc2ebcb67b90",
        "type": "github"
      },
      "original": {
        "owner": "nixos",
        "ref": "nixos-unstable",
        "repo": "nixpkgs",
        "type": "github"
      }
    },
    "river": {
      "flake": false,
      "locked": {
        "lastModified": 1663509225,
        "narHash": "sha256-orKL3imxpQXrSLj12Z3Zn5UuAW7P/JeOfoWCkb98eCM=",
        "ref": "refs/heads/master",
        "rev": "e35c147cd5b8fcd363b7ecc495292733b25d96f5",
        "revCount": 882,
        "submodules": true,
        "type": "git",
        "url": "https://github.com/ifreund/river"
      },
      "original": {
        "submodules": true,
        "type": "git",
        "url": "https://github.com/ifreund/river"
      }
    },
    "root": {
      "inputs": {
        "hardware": "hardware",
        "home-manager": "home-manager",
        "nixpkgs": "nixpkgs",
        "river": "river",
        "stacktile": "stacktile"
      }
    },
    "stacktile": {
      "flake": false,
      "locked": {
        "lastModified": 1652208228,
        "narHash": "sha256-H6h+GsPLluu4evunk8f6YVVl9eJej/vCA2dDfmWZgHI=",
        "rev": "0e5baf19920c5cc92bd0d00c37bf0a0192f9842d",
        "revCount": 42,
        "type": "git",
        "url": "https://git.sr.ht/~leon_plickat/stacktile"
      },
      "original": {
        "rev": "0e5baf19920c5cc92bd0d00c37bf0a0192f9842d",
        "type": "git",
        "url": "https://git.sr.ht/~leon_plickat/stacktile"
      }
    },
    "utils": {
      "locked": {
        "lastModified": 1659877975,
        "narHash": "sha256-zllb8aq3YO3h8B/U0/J1WBgAL8EX5yWf5pMj3G0NAmc=",
        "owner": "numtide",
        "repo": "flake-utils",
        "rev": "c0e246b9b83f637f4681389ecabcb2681b4f3af0",
        "type": "github"
      },
      "original": {
        "owner": "numtide",
        "repo": "flake-utils",
        "type": "github"
      }
    }
  },
  "root": "root",
  "version": 7
}
